PODS:
  - device_info_plus (0.0.1):
    - FlutterMacOS
  - flutter_macos_permissions (0.0.1):
    - FlutterMacOS
  - flutter_opus (0.0.1):
    - FlutterMacOS
  - flutter_pcm_sound (0.0.1):
    - FlutterMacOS
  - FlutterMacOS (1.0.0)
  - record_macos (1.2.0):
    - FlutterMacOS
  - shared_preferences_foundation (0.0.1):
    - Flutter
    - FlutterMacOS

DEPENDENCIES:
  - device_info_plus (from `Flutter/ephemeral/.symlinks/plugins/device_info_plus/macos`)
  - flutter_macos_permissions (from `Flutter/ephemeral/.symlinks/plugins/flutter_macos_permissions/macos`)
  - flutter_opus (from `Flutter/ephemeral/.symlinks/plugins/flutter_opus/macos`)
  - flutter_pcm_sound (from `Flutter/ephemeral/.symlinks/plugins/flutter_pcm_sound/macos`)
  - FlutterMacOS (from `Flutter/ephemeral`)
  - record_macos (from `Flutter/ephemeral/.symlinks/plugins/record_macos/macos`)
  - shared_preferences_foundation (from `Flutter/ephemeral/.symlinks/plugins/shared_preferences_foundation/darwin`)

EXTERNAL SOURCES:
  device_info_plus:
    :path: Flutter/ephemeral/.symlinks/plugins/device_info_plus/macos
  flutter_macos_permissions:
    :path: Flutter/ephemeral/.symlinks/plugins/flutter_macos_permissions/macos
  flutter_opus:
    :path: Flutter/ephemeral/.symlinks/plugins/flutter_opus/macos
  flutter_pcm_sound:
    :path: Flutter/ephemeral/.symlinks/plugins/flutter_pcm_sound/macos
  FlutterMacOS:
    :path: Flutter/ephemeral
  record_macos:
    :path: Flutter/ephemeral/.symlinks/plugins/record_macos/macos
  shared_preferences_foundation:
    :path: Flutter/ephemeral/.symlinks/plugins/shared_preferences_foundation/darwin

SPEC CHECKSUMS:
  device_info_plus: 1b14eed9bf95428983aed283a8d51cce3d8c4215
  flutter_macos_permissions: ec12b9e8b22da91abcbd572582b59e4278f97d4b
  flutter_opus: e69853e544bf4a7e54e1cdb1cac518fcab1e03f5
  flutter_pcm_sound: 4d212fcd1b3524b0891da25d77912672b66c97fb
  FlutterMacOS: d0db08ddef1a9af05a5ec4b724367152bb0500b1
  record_macos: 4680f37daeebf52162e715efb7ff682f0a5ce4fd
  shared_preferences_foundation: 5086985c1d43c5ba4d5e69a4e8083a389e2909e6

PODFILE CHECKSUM: 54d867c82ac51cbd61b565781b9fada492027009

COCOAPODS: 1.16.2
